
Microsoft Visual Studio Solution File, Format Version 12.00
# Visual Studio Version 17
VisualStudioVersion = 17.4.33122.133
MinimumVisualStudioVersion = 10.0.40219.1
Project("{FAE04EC0-301F-11D3-BF4B-00C04F79EFBC}") = "ReminderService", "ReminderService\ReminderService.csproj", "{B214EFAF-2119-4B11-AEB1-40A94F26AFEC}"
EndProject
Global
	GlobalSection(SolutionConfigurationPlatforms) = preSolution
		Debug|Any CPU = Debug|Any CPU
		Release|Any CPU = Release|Any CPU
	EndGlobalSection
	GlobalSection(ProjectConfigurationPlatforms) = postSolution
		{B214EFAF-2119-4B11-AEB1-40A94F26AFEC}.Debug|Any CPU.ActiveCfg = Debug|Any CPU
		{B214EFAF-2119-4B11-AEB1-40A94F26AFEC}.Debug|Any CPU.Build.0 = Debug|Any CPU
		{B214EFAF-2119-4B11-AEB1-40A94F26AFEC}.Release|Any CPU.ActiveCfg = Release|Any CPU
		{B214EFAF-2119-4B11-AEB1-40A94F26AFEC}.Release|Any CPU.Build.0 = Release|Any CPU
	EndGlobalSection
	GlobalSection(SolutionProperties) = preSolution
		HideSolutionNode = FALSE
	EndGlobalSection
	GlobalSection(ExtensibilityGlobals) = postSolution
		SolutionGuid = {731B157B-6A4E-4233-A161-0E7160F04CCD}
	EndGlobalSection
EndGlobal
